
Microsoft Visual Studio Solution File, Format Version 12.00
# Visual Studio Version 16
VisualStudioVersion = 16.0.30711.63
MinimumVisualStudioVersion = 10.0.40219.1
Project("{9A19103F-16F7-4668-BE54-9A1E7A4F7556}") = "KaznituLab", "KaznituLabBack\KaznituLab\KaznituLab.csproj", "{91292135-835E-47C3-B9A0-0F39CC1B619D}"
EndProject
Project("{9A19103F-16F7-4668-BE54-9A1E7A4F7556}") = "EFData", "KaznituLabBack\EFData\EFData.csproj", "{54F8C61C-73C2-4CB4-8FF9-E52E61528E9A}"
EndProject
Global
	GlobalSection(SolutionConfigurationPlatforms) = preSolution
		Debug|Any CPU = Debug|Any CPU
		Release|Any CPU = Release|Any CPU
	EndGlobalSection
	GlobalSection(ProjectConfigurationPlatforms) = postSolution
		{91292135-835E-47C3-B9A0-0F39CC1B619D}.Debug|Any CPU.ActiveCfg = Debug|Any CPU
		{91292135-835E-47C3-B9A0-0F39CC1B619D}.Debug|Any CPU.Build.0 = Debug|Any CPU
		{91292135-835E-47C3-B9A0-0F39CC1B619D}.Release|Any CPU.ActiveCfg = Release|Any CPU
		{91292135-835E-47C3-B9A0-0F39CC1B619D}.Release|Any CPU.Build.0 = Release|Any CPU
		{54F8C61C-73C2-4CB4-8FF9-E52E61528E9A}.Debug|Any CPU.ActiveCfg = Debug|Any CPU
		{54F8C61C-73C2-4CB4-8FF9-E52E61528E9A}.Debug|Any CPU.Build.0 = Debug|Any CPU
		{54F8C61C-73C2-4CB4-8FF9-E52E61528E9A}.Release|Any CPU.ActiveCfg = Release|Any CPU
		{54F8C61C-73C2-4CB4-8FF9-E52E61528E9A}.Release|Any CPU.Build.0 = Release|Any CPU
	EndGlobalSection
	GlobalSection(SolutionProperties) = preSolution
		HideSolutionNode = FALSE
	EndGlobalSection
	GlobalSection(ExtensibilityGlobals) = postSolution
		SolutionGuid = {794D9AEA-E57D-4C27-A8C9-BCF935E169A9}
	EndGlobalSection
EndGlobal
